{
  "requires": true,
  "lockfileVersion": 1,
  "dependencies": {
    "vue-json-compare": {
      "version": "2.0.6",
      "resolved": "https://registry.npmjs.org/vue-json-compare/-/vue-json-compare-2.0.6.tgz",
      "integrity": "sha512-XbiOpN7rVEQ1CfRN2w9pQIqm/mKzS1uwhjepLhTyO9juE2VqtXsLDx4HHiK2714Hg1l89XrffrtdJTvqnQiVHg=="
    }
  }
}
